
Microsoft Visual Studio Solution File, Format Version 12.00
# Visual Studio Version 17
VisualStudioVersion = 17.11.35327.3
MinimumVisualStudioVersion = 10.0.40219.1
Project("{FAE04EC0-301F-11D3-BF4B-00C04F79EFBC}") = "RikaDesignPalette", "RikaDesignPalette\RikaDesignPalette.csproj", "{4CB195D3-B140-41D6-AA55-68F7F060C2B7}"
EndProject
Global
	GlobalSection(SolutionConfigurationPlatforms) = preSolution
		Debug|Any CPU = Debug|Any CPU
		Release|Any CPU = Release|Any CPU
	EndGlobalSection
	GlobalSection(ProjectConfigurationPlatforms) = postSolution
		{4CB195D3-B140-41D6-AA55-68F7F060C2B7}.Debug|Any CPU.ActiveCfg = Debug|Any CPU
		{4CB195D3-B140-41D6-AA55-68F7F060C2B7}.Debug|Any CPU.Build.0 = Debug|Any CPU
		{4CB195D3-B140-41D6-AA55-68F7F060C2B7}.Release|Any CPU.ActiveCfg = Release|Any CPU
		{4CB195D3-B140-41D6-AA55-68F7F060C2B7}.Release|Any CPU.Build.0 = Release|Any CPU
	EndGlobalSection
	GlobalSection(SolutionProperties) = preSolution
		HideSolutionNode = FALSE
	EndGlobalSection
	GlobalSection(ExtensibilityGlobals) = postSolution
		SolutionGuid = {8D7E93CA-CB67-40C9-ADD3-74ED7D112A6F}
	EndGlobalSection
EndGlobal
